<?xml version="1.0" encoding="utf-8"?>
<Project ToolsVersion="4.0" xmlns="http://schemas.microsoft.com/developer/msbuild/2003">
  <ItemGroup>
    <Filter Include="99.Defines">
      <UniqueIdentifier>{bf112699-e702-4df1-b3aa-bf3b7c1a7adf}</UniqueIdentifier>
    </Filter>
    <Filter Include="00.System">
      <UniqueIdentifier>{a2c433fe-8790-4812-92d5-1882c3ff4df8}</UniqueIdentifier>
    </Filter>
    <Filter Include="01.Utility">
      <UniqueIdentifier>{1c27210a-1ade-41c7-8aeb-65780d5d4bd1}</UniqueIdentifier>
    </Filter>
    <Filter Include="00.System\00.Timer">
      <UniqueIdentifier>{610e4bba-fe63-4c42-9b8d-8fd3acfe7430}</UniqueIdentifier>
    </Filter>
    <Filter Include="00.System\00.Timer\Manager">
      <UniqueIdentifier>{f08904ae-ac91-42ee-b296-5a12281b5228}</UniqueIdentifier>
    </Filter>
    <Filter Include="01.Utility\00.GameInstance">
      <UniqueIdentifier>{90462bf8-4eeb-4625-a85d-91fe2b62733f}</UniqueIdentifier>
    </Filter>
    <Filter Include="00.System\01.Device">
      <UniqueIdentifier>{67cfe3e2-f2ab-4828-97cb-3ed2ffc7050f}</UniqueIdentifier>
    </Filter>
    <Filter Include="00.System\01.Device\Graphic">
      <UniqueIdentifier>{ddba6356-3bd2-4e37-aee3-d720b192747d}</UniqueIdentifier>
    </Filter>
    <Filter Include="01.Utility\01.Level">
      <UniqueIdentifier>{00c9fea6-7551-4c23-aa9d-acaf44595a00}</UniqueIdentifier>
    </Filter>
    <Filter Include="01.Utility\01.Level\Manager">
      <UniqueIdentifier>{cccad76a-2b4c-4d98-9772-8758e410f80a}</UniqueIdentifier>
    </Filter>
    <Filter Include="01.Utility\02.Prototype">
      <UniqueIdentifier>{0cfcb9a5-4784-4b7b-be54-1c0c21a2b209}</UniqueIdentifier>
    </Filter>
    <Filter Include="01.Utility\02.Prototype\Manager">
      <UniqueIdentifier>{b65fed66-4690-45b7-a3ec-0e2c27338ec0}</UniqueIdentifier>
    </Filter>
    <Filter Include="01.Utility\03.GameObject">
      <UniqueIdentifier>{6bb28764-6c91-4523-9dee-439a27257fb7}</UniqueIdentifier>
    </Filter>
    <Filter Include="01.Utility\03.GameObject\Manager">
      <UniqueIdentifier>{16732548-51c2-490e-be91-e961d1bff4dc}</UniqueIdentifier>
    </Filter>
    <Filter Include="01.Utility\03.GameObject\Manager\Layer">
      <UniqueIdentifier>{33438753-0b63-474d-a547-0c809a2895d6}</UniqueIdentifier>
    </Filter>
    <Filter Include="01.Utility\05. Components">
      <UniqueIdentifier>{9f8c197d-c47d-488c-b303-519c854cbea5}</UniqueIdentifier>
    </Filter>
    <Filter Include="01.Utility\04. Renderer">
      <UniqueIdentifier>{81b2dcd7-8c76-4f39-a67a-d81c4d6ed2fc}</UniqueIdentifier>
    </Filter>
    <Filter Include="01.Utility\05. Components\Transform">
      <UniqueIdentifier>{8c2728d5-2ce1-4efc-ab71-90a896284e54}</UniqueIdentifier>
    </Filter>
    <Filter Include="01.Utility\05. Components\VIBuffer">
      <UniqueIdentifier>{6912d942-16b7-43a3-b20e-7536e2d06c62}</UniqueIdentifier>
    </Filter>
    <Filter Include="01.Utility\05. Components\Texture">
      <UniqueIdentifier>{a546d9dd-3974-46ca-bc27-48f2a5f04841}</UniqueIdentifier>
    </Filter>
    <Filter Include="01.Utility\05. Components\VIBuffer\Triangle">
      <UniqueIdentifier>{fd48469d-3570-4128-b836-629d1a1e47db}</UniqueIdentifier>
    </Filter>
    <Filter Include="01.Utility\06.Shader">
      <UniqueIdentifier>{73e7d2de-5ffa-42d5-9ecc-c95fd6cfaac7}</UniqueIdentifier>
    </Filter>
    <Filter Include="01.Utility\05. Components\VIBuffer\Rect">
      <UniqueIdentifier>{7af8f052-34af-4eaf-b57a-19dec850f96a}</UniqueIdentifier>
    </Filter>
    <Filter Include="01.Utility\03.GameObject\Manager\Camera">
      <UniqueIdentifier>{846eddc3-cea7-4d8e-9af8-5d81f7be3341}</UniqueIdentifier>
    </Filter>
    <Filter Include="01.Utility\07.PipeLine">
      <UniqueIdentifier>{903f412c-f09d-4dd4-babf-099113337c85}</UniqueIdentifier>
    </Filter>
    <Filter Include="01.Utility\03.GameObject\UIObject">
      <UniqueIdentifier>{503f19d7-56c3-4103-bfc8-acea5730ae16}</UniqueIdentifier>
    </Filter>
    <Filter Include="00.System\02.Input">
      <UniqueIdentifier>{ed1da6ee-4ddf-40ff-9b08-a560c5073768}</UniqueIdentifier>
    </Filter>
    <Filter Include="01.Utility\05. Components\VIBuffer\Terrain">
      <UniqueIdentifier>{b0c71634-8342-4684-aff3-fbd4f4719a41}</UniqueIdentifier>
    </Filter>
    <Filter Include="01.Utility\07.PipeLine\Calculator">
      <UniqueIdentifier>{f840b061-980a-4ddf-bb99-4337b6347b63}</UniqueIdentifier>
    </Filter>
    <Filter Include="01.Utility\09. RenderTarget">
      <UniqueIdentifier>{ac4dd803-8f77-4092-b8dd-6affdd593c3a}</UniqueIdentifier>
    </Filter>
    <Filter Include="01.Utility\08. Lights">
      <UniqueIdentifier>{d6af59dc-e3fe-4014-9d27-a789ee0adf22}</UniqueIdentifier>
    </Filter>
    <Filter Include="01.Utility\09. RenderTarget\Manager">
      <UniqueIdentifier>{e38855c5-274c-42a7-8bcc-b4f51defd80f}</UniqueIdentifier>
    </Filter>
    <Filter Include="01.Utility\08. Lights\Manager">
      <UniqueIdentifier>{00d76483-4315-4095-9824-692f5e464067}</UniqueIdentifier>
    </Filter>
    <Filter Include="01.Utility\05. Components\VIBuffer\CirCle">
      <UniqueIdentifier>{b1ed6d70-7d18-40d7-bc6b-6c458b5cc922}</UniqueIdentifier>
    </Filter>
    <Filter Include="01.Utility\99. SuperClass">
      <UniqueIdentifier>{9402a328-0d9d-4441-8097-7bd4383d5f65}</UniqueIdentifier>
    </Filter>
    <Filter Include="01.Utility\99. SuperClass\Base">
      <UniqueIdentifier>{b5a31b99-f315-4766-9a7c-3f3bfd77102b}</UniqueIdentifier>
    </Filter>
    <Filter Include="01.Utility\98. Picking">
      <UniqueIdentifier>{bfabe43b-fe20-4f42-9d74-9b95b10849ab}</UniqueIdentifier>
    </Filter>
    <Filter Include="01.Utility\05. Components\Model">
      <UniqueIdentifier>{68053438-6e28-4ad2-a15f-5c13efc09370}</UniqueIdentifier>
    </Filter>
    <Filter Include="01.Utility\05. Components\Model\Mesh">
      <UniqueIdentifier>{344e33a1-d68a-446c-b739-9ca3438faf69}</UniqueIdentifier>
    </Filter>
    <Filter Include="01.Utility\05. Components\Model\Material">
      <UniqueIdentifier>{6e52ae44-2529-485f-a790-422d52de31ec}</UniqueIdentifier>
    </Filter>
    <Filter Include="01.Utility\05. Components\Collider">
      <UniqueIdentifier>{2cc36ebc-7978-4536-9372-f7aba14e0185}</UniqueIdentifier>
    </Filter>
    <Filter Include="01.Utility\05. Components\Model\Bone">
      <UniqueIdentifier>{b33fa6a7-2e7c-4be7-b1d0-ff553a3a4b1f}</UniqueIdentifier>
    </Filter>
    <Filter Include="01.Utility\05. Components\Model\Animation">
      <UniqueIdentifier>{a1577e48-53a3-40a3-9bdf-ce63b8c0c463}</UniqueIdentifier>
    </Filter>
    <Filter Include="01.Utility\05. Components\Model\Animation\Channel">
      <UniqueIdentifier>{1a4423a9-9707-4400-b48b-6d06ac955076}</UniqueIdentifier>
    </Filter>
    <Filter Include="01.Utility\03.GameObject\Container">
      <UniqueIdentifier>{286687c6-2ce0-4c67-86c8-01340a489dc1}</UniqueIdentifier>
    </Filter>
    <Filter Include="01.Utility\03.GameObject\Container\Part">
      <UniqueIdentifier>{4aa78357-286c-4d7a-bd1e-58d6816b36ef}</UniqueIdentifier>
    </Filter>
    <Filter Include="01.Utility\05. Components\Navigation">
      <UniqueIdentifier>{40972e12-a3b5-4d89-8458-10d8d0dd8e0b}</UniqueIdentifier>
    </Filter>
    <Filter Include="01.Utility\05. Components\Navigation\Cell">
      <UniqueIdentifier>{a7a28c25-25ab-4fe5-9933-937cf1913829}</UniqueIdentifier>
    </Filter>
    <Filter Include="01.Utility\05. Components\VIBuffer\Cell">
      <UniqueIdentifier>{7821a9a5-89af-48ed-822d-f9b56a54c5ce}</UniqueIdentifier>
    </Filter>
    <Filter Include="98.ShaderFiles">
      <UniqueIdentifier>{5280535c-3500-44dc-90ce-9060be6f4bc2}</UniqueIdentifier>
    </Filter>
    <Filter Include="01.Utility\10. Fonts">
      <UniqueIdentifier>{bd332a78-9445-4f20-ab7f-6d564000c62d}</UniqueIdentifier>
    </Filter>
    <Filter Include="01.Utility\10. Fonts\Manager">
      <UniqueIdentifier>{3dfbde11-93ac-49a8-94e7-e8880e70144c}</UniqueIdentifier>
    </Filter>
    <Filter Include="01.Utility\05. Components\Collider\Boudning">
      <UniqueIdentifier>{ad27f183-d870-44ba-b209-a3b60c6ffdf8}</UniqueIdentifier>
    </Filter>
    <Filter Include="01.Utility\05. Components\Collider\DebugDraw">
      <UniqueIdentifier>{4a7889d3-7f00-4e74-9dcc-b0840409d6a0}</UniqueIdentifier>
    </Filter>
    <Filter Include="01.Utility\05. Components\Collider\Boudning\AABB">
      <UniqueIdentifier>{4ae0d0dd-7d1b-431c-8cc2-cc25ce7e7f50}</UniqueIdentifier>
    </Filter>
    <Filter Include="01.Utility\05. Components\Collider\Boudning\OBB">
      <UniqueIdentifier>{408e4d3b-d944-4b81-98fb-6b082f530e5c}</UniqueIdentifier>
    </Filter>
    <Filter Include="01.Utility\05. Components\Collider\Boudning\Sphere">
      <UniqueIdentifier>{c2ba6500-cfa4-44e7-a658-4d16e72bc698}</UniqueIdentifier>
    </Filter>
    <Filter Include="01.Utility\05. Components\VIBuffer\Cube">
      <UniqueIdentifier>{25d8b2b8-00b0-4ff9-b6c9-25542b45b8c2}</UniqueIdentifier>
    </Filter>
    <Filter Include="01.Utility\05. Components\Navigation\Cube">
      <UniqueIdentifier>{c87450aa-c705-4ce3-b1eb-ccc55ded9650}</UniqueIdentifier>
    </Filter>
    <Filter Include="01.Utility\05. Components\VIBuffer\Rect\VIBuffer_Rect_Texcood2">
      <UniqueIdentifier>{0f06bd41-f949-44ad-a772-cc444e49893d}</UniqueIdentifier>
    </Filter>
    <Filter Include="01.Utility\11.EventMgr">
      <UniqueIdentifier>{d6bd9240-fa20-4fda-83c5-29454939623b}</UniqueIdentifier>
    </Filter>
  </ItemGroup>
  <ItemGroup>
    <ClInclude Include="..\Public\Engine_Defines.h">
      <Filter>99.Defines</Filter>
    </ClInclude>
    <ClInclude Include="..\public\Base.h">
      <Filter>01.Utility\99. SuperClass\Base</Filter>
    </ClInclude>
    <ClInclude Include="..\Public\Engine_Macro.h">
      <Filter>99.Defines</Filter>
    </ClInclude>
    <ClInclude Include="..\Public\Engine_Struct.h">
      <Filter>99.Defines</Filter>
    </ClInclude>
    <ClInclude Include="..\Public\Engine_Typedef.h">
      <Filter>99.Defines</Filter>
    </ClInclude>
    <ClInclude Include="..\Public\Engine_Enum.h">
      <Filter>99.Defines</Filter>
    </ClInclude>
    <ClInclude Include="..\Public\Engine_Function.h">
      <Filter>99.Defines</Filter>
    </ClInclude>
    <ClInclude Include="..\Public\Timer.h">
      <Filter>00.System\00.Timer</Filter>
    </ClInclude>
    <ClInclude Include="..\Public\Timer_Manager.h">
      <Filter>00.System\00.Timer\Manager</Filter>
    </ClInclude>
    <ClInclude Include="..\public\GameInstance.h">
      <Filter>01.Utility\00.GameInstance</Filter>
    </ClInclude>
    <ClInclude Include="..\public\Level_Manager.h">
      <Filter>01.Utility\01.Level\Manager</Filter>
    </ClInclude>
    <ClInclude Include="..\public\Level.h">
      <Filter>01.Utility\01.Level</Filter>
    </ClInclude>
    <ClInclude Include="..\public\Prototype_Manager.h">
      <Filter>01.Utility\02.Prototype\Manager</Filter>
    </ClInclude>
    <ClInclude Include="..\public\Object_Manager.h">
      <Filter>01.Utility\03.GameObject\Manager</Filter>
    </ClInclude>
    <ClInclude Include="..\public\Layer.h">
      <Filter>01.Utility\03.GameObject\Manager\Layer</Filter>
    </ClInclude>
    <ClInclude Include="..\public\GameObject.h">
      <Filter>01.Utility\03.GameObject</Filter>
    </ClInclude>
    <ClInclude Include="..\Public\Renderer.h">
      <Filter>01.Utility\04. Renderer</Filter>
    </ClInclude>
    <ClInclude Include="..\Public\Component.h">
      <Filter>01.Utility\05. Components</Filter>
    </ClInclude>
    <ClInclude Include="..\Public\Transform.h">
      <Filter>01.Utility\05. Components\Transform</Filter>
    </ClInclude>
    <ClInclude Include="..\Public\VIBuffer.h">
      <Filter>01.Utility\05. Components\VIBuffer</Filter>
    </ClInclude>
    <ClInclude Include="..\Public\Texture.h">
      <Filter>01.Utility\05. Components\Texture</Filter>
    </ClInclude>
    <ClInclude Include="..\Public\Triangle.h">
      <Filter>01.Utility\05. Components\VIBuffer\Triangle</Filter>
    </ClInclude>
    <ClInclude Include="..\Public\Shader.h">
      <Filter>01.Utility\06.Shader</Filter>
    </ClInclude>
    <ClInclude Include="..\public\VIBuffer_Rect.h">
      <Filter>01.Utility\05. Components\VIBuffer\Rect</Filter>
    </ClInclude>
    <ClInclude Include="..\public\Camera.h">
      <Filter>01.Utility\03.GameObject\Manager\Camera</Filter>
    </ClInclude>
    <ClInclude Include="..\public\UIObject.h">
      <Filter>01.Utility\03.GameObject\UIObject</Filter>
    </ClInclude>
    <ClInclude Include="..\public\PipeLine.h">
      <Filter>01.Utility\07.PipeLine</Filter>
    </ClInclude>
    <ClInclude Include="..\public\Input_Device.h">
      <Filter>00.System\02.Input</Filter>
    </ClInclude>
    <ClInclude Include="..\public\VIBuffer_Terrain.h">
      <Filter>01.Utility\05. Components\VIBuffer\Terrain</Filter>
    </ClInclude>
    <ClInclude Include="..\public\Calculator.h">
      <Filter>01.Utility\07.PipeLine\Calculator</Filter>
    </ClInclude>
    <ClInclude Include="..\public\Light.h">
      <Filter>01.Utility\08. Lights</Filter>
    </ClInclude>
    <ClInclude Include="..\public\RenderTarget.h">
      <Filter>01.Utility\09. RenderTarget</Filter>
    </ClInclude>
    <ClInclude Include="..\public\Target_Manager.h">
      <Filter>01.Utility\09. RenderTarget\Manager</Filter>
    </ClInclude>
    <ClInclude Include="..\public\Light_Manager.h">
      <Filter>01.Utility\08. Lights\Manager</Filter>
    </ClInclude>
    <ClInclude Include="..\public\VIBuffer_Circle.h">
      <Filter>01.Utility\05. Components\VIBuffer\CirCle</Filter>
    </ClInclude>
    <ClInclude Include="..\public\Picking.h">
      <Filter>01.Utility\98. Picking</Filter>
    </ClInclude>
    <ClInclude Include="..\Public\Graphic_Device.h">
      <Filter>00.System\01.Device\Graphic</Filter>
    </ClInclude>
    <ClInclude Include="..\public\Model.h">
      <Filter>01.Utility\05. Components\Model</Filter>
    </ClInclude>
    <ClInclude Include="..\public\Mesh.h">
      <Filter>01.Utility\05. Components\Model\Mesh</Filter>
    </ClInclude>
    <ClInclude Include="..\public\Material.h">
      <Filter>01.Utility\05. Components\Model\Material</Filter>
    </ClInclude>
    <ClInclude Include="..\public\Collider.h">
      <Filter>01.Utility\05. Components\Collider</Filter>
    </ClInclude>
    <ClInclude Include="..\public\Bone.h">
      <Filter>01.Utility\05. Components\Model\Bone</Filter>
    </ClInclude>
    <ClInclude Include="..\public\Animation.h">
      <Filter>01.Utility\05. Components\Model\Animation</Filter>
    </ClInclude>
    <ClInclude Include="..\public\Channel.h">
      <Filter>01.Utility\05. Components\Model\Animation\Channel</Filter>
    </ClInclude>
    <ClInclude Include="..\public\ContainerObject.h">
      <Filter>01.Utility\03.GameObject\Container</Filter>
    </ClInclude>
    <ClInclude Include="..\public\PartObject.h">
      <Filter>01.Utility\03.GameObject\Container\Part</Filter>
    </ClInclude>
    <ClInclude Include="..\public\Navigation.h">
      <Filter>01.Utility\05. Components\Navigation</Filter>
    </ClInclude>
    <ClInclude Include="..\public\Cell.h">
      <Filter>01.Utility\05. Components\Navigation\Cell</Filter>
    </ClInclude>
    <ClInclude Include="..\public\VIBuffer_Cell.h">
      <Filter>01.Utility\05. Components\VIBuffer\Cell</Filter>
    </ClInclude>
    <ClInclude Include="..\public\CustomFont.h">
      <Filter>01.Utility\10. Fonts</Filter>
    </ClInclude>
    <ClInclude Include="..\Public\Font_Manager.h">
      <Filter>01.Utility\10. Fonts\Manager</Filter>
    </ClInclude>
    <ClInclude Include="..\Public\DebugDraw.h">
      <Filter>01.Utility\05. Components\Collider\DebugDraw</Filter>
    </ClInclude>
    <ClInclude Include="..\public\Bounding.h">
      <Filter>01.Utility\05. Components\Collider\Boudning</Filter>
    </ClInclude>
    <ClInclude Include="..\public\Bounding_AABB.h">
      <Filter>01.Utility\05. Components\Collider\Boudning\AABB</Filter>
    </ClInclude>
    <ClInclude Include="..\public\Bounding_Sphere.h">
      <Filter>01.Utility\05. Components\Collider\Boudning\Sphere</Filter>
    </ClInclude>
    <ClInclude Include="..\public\VIBuffer_Cube.h">
      <Filter>01.Utility\05. Components\VIBuffer\Cube</Filter>
    </ClInclude>
    <ClInclude Include="..\public\Cube.h">
      <Filter>01.Utility\05. Components\Navigation\Cube</Filter>
    </ClInclude>
    <ClInclude Include="..\public\VIBuffer_Rect_Texcood2.h">
      <Filter>01.Utility\05. Components\VIBuffer\Rect\VIBuffer_Rect_Texcood2</Filter>
    </ClInclude>
    <ClInclude Include="..\public\EventMgr.h">
      <Filter>01.Utility\11.EventMgr</Filter>
    </ClInclude>
  </ItemGroup>
  <ItemGroup>
    <ClCompile Include="..\private\Base.cpp">
      <Filter>01.Utility\99. SuperClass\Base</Filter>
    </ClCompile>
    <ClCompile Include="..\Private\Timer.cpp">
      <Filter>00.System\00.Timer</Filter>
    </ClCompile>
    <ClCompile Include="..\Private\Timer_Manager.cpp">
      <Filter>00.System\00.Timer\Manager</Filter>
    </ClCompile>
    <ClCompile Include="..\private\GameInstance.cpp">
      <Filter>01.Utility\00.GameInstance</Filter>
    </ClCompile>
    <ClCompile Include="..\Private\Graphic_Device.cpp">
      <Filter>00.System\01.Device\Graphic</Filter>
    </ClCompile>
    <ClCompile Include="..\private\Level_Manager.cpp">
      <Filter>01.Utility\01.Level\Manager</Filter>
    </ClCompile>
    <ClCompile Include="..\private\Level.cpp">
      <Filter>01.Utility\01.Level</Filter>
    </ClCompile>
    <ClCompile Include="..\private\Prototype_Manager.cpp">
      <Filter>01.Utility\02.Prototype\Manager</Filter>
    </ClCompile>
    <ClCompile Include="..\private\Object_Manager.cpp">
      <Filter>01.Utility\03.GameObject\Manager</Filter>
    </ClCompile>
    <ClCompile Include="..\private\Layer.cpp">
      <Filter>01.Utility\03.GameObject\Manager\Layer</Filter>
    </ClCompile>
    <ClCompile Include="..\private\GameObject.cpp">
      <Filter>01.Utility\03.GameObject</Filter>
    </ClCompile>
    <ClCompile Include="..\Private\Renderer.cpp">
      <Filter>01.Utility\04. Renderer</Filter>
    </ClCompile>
    <ClCompile Include="..\Private\Component.cpp">
      <Filter>01.Utility\05. Components</Filter>
    </ClCompile>
    <ClCompile Include="..\Private\Transform.cpp">
      <Filter>01.Utility\05. Components\Transform</Filter>
    </ClCompile>
    <ClCompile Include="..\Private\VIBuffer.cpp">
      <Filter>01.Utility\05. Components\VIBuffer</Filter>
    </ClCompile>
    <ClCompile Include="..\Private\Texture.cpp">
      <Filter>01.Utility\05. Components\Texture</Filter>
    </ClCompile>
    <ClCompile Include="..\Private\Triangle.cpp">
      <Filter>01.Utility\05. Components\VIBuffer\Triangle</Filter>
    </ClCompile>
    <ClCompile Include="..\Private\Shader.cpp">
      <Filter>01.Utility\06.Shader</Filter>
    </ClCompile>
    <ClCompile Include="..\private\VIBuffer_Rect.cpp">
      <Filter>01.Utility\05. Components\VIBuffer\Rect</Filter>
    </ClCompile>
    <ClCompile Include="..\Public\Engine_Struct.cpp">
      <Filter>99.Defines</Filter>
    </ClCompile>
    <ClCompile Include="..\private\Camera.cpp">
      <Filter>01.Utility\03.GameObject\Manager\Camera</Filter>
    </ClCompile>
    <ClCompile Include="..\private\UIObject.cpp">
      <Filter>01.Utility\03.GameObject\UIObject</Filter>
    </ClCompile>
    <ClCompile Include="..\private\PipeLine.cpp">
      <Filter>01.Utility\07.PipeLine</Filter>
    </ClCompile>
    <ClCompile Include="..\private\Input_Device.cpp">
      <Filter>00.System\02.Input</Filter>
    </ClCompile>
    <ClCompile Include="..\private\VIBuffer_Terrain.cpp">
      <Filter>01.Utility\05. Components\VIBuffer\Terrain</Filter>
    </ClCompile>
    <ClCompile Include="..\private\Calculator.cpp">
      <Filter>01.Utility\07.PipeLine\Calculator</Filter>
    </ClCompile>
    <ClCompile Include="..\private\Light.cpp">
      <Filter>01.Utility\08. Lights</Filter>
    </ClCompile>
    <ClCompile Include="..\private\RenderTarget.cpp">
      <Filter>01.Utility\09. RenderTarget</Filter>
    </ClCompile>
    <ClCompile Include="..\private\Target_Manager.cpp">
      <Filter>01.Utility\09. RenderTarget\Manager</Filter>
    </ClCompile>
    <ClCompile Include="..\private\Light_Manager.cpp">
      <Filter>01.Utility\08. Lights\Manager</Filter>
    </ClCompile>
    <ClCompile Include="..\private\VIBuffer_Circle.cpp">
      <Filter>01.Utility\05. Components\VIBuffer\CirCle</Filter>
    </ClCompile>
    <ClCompile Include="..\private\Picking.cpp">
      <Filter>01.Utility\98. Picking</Filter>
    </ClCompile>
    <ClCompile Include="..\private\Model.cpp">
      <Filter>01.Utility\05. Components\Model</Filter>
    </ClCompile>
    <ClCompile Include="..\private\Mesh.cpp">
      <Filter>01.Utility\05. Components\Model\Mesh</Filter>
    </ClCompile>
    <ClCompile Include="..\private\Material.cpp">
      <Filter>01.Utility\05. Components\Model\Material</Filter>
    </ClCompile>
    <ClCompile Include="..\private\Collider.cpp">
      <Filter>01.Utility\05. Components\Collider</Filter>
    </ClCompile>
    <ClCompile Include="..\private\Bone.cpp">
      <Filter>01.Utility\05. Components\Model\Bone</Filter>
    </ClCompile>
    <ClCompile Include="..\private\Animation.cpp">
      <Filter>01.Utility\05. Components\Model\Animation</Filter>
    </ClCompile>
    <ClCompile Include="..\private\Channel.cpp">
      <Filter>01.Utility\05. Components\Model\Animation\Channel</Filter>
    </ClCompile>
    <ClCompile Include="..\private\ContainerObject.cpp">
      <Filter>01.Utility\03.GameObject\Container</Filter>
    </ClCompile>
    <ClCompile Include="..\private\PartObject.cpp">
      <Filter>01.Utility\03.GameObject\Container\Part</Filter>
    </ClCompile>
    <ClCompile Include="..\private\Navigation.cpp">
      <Filter>01.Utility\05. Components\Navigation</Filter>
    </ClCompile>
    <ClCompile Include="..\private\Cell.cpp">
      <Filter>01.Utility\05. Components\Navigation\Cell</Filter>
    </ClCompile>
    <ClCompile Include="..\private\VIBuffer_Cell.cpp">
      <Filter>01.Utility\05. Components\VIBuffer\Cell</Filter>
    </ClCompile>
    <ClCompile Include="..\private\CustomFont.cpp">
      <Filter>01.Utility\10. Fonts</Filter>
    </ClCompile>
    <ClCompile Include="..\Private\Font_Manager.cpp">
      <Filter>01.Utility\10. Fonts\Manager</Filter>
    </ClCompile>
    <ClCompile Include="..\Private\DebugDraw.cpp">
      <Filter>01.Utility\05. Components\Collider\DebugDraw</Filter>
    </ClCompile>
    <ClCompile Include="..\private\Bounding.cpp">
      <Filter>01.Utility\05. Components\Collider\Boudning</Filter>
    </ClCompile>
    <ClCompile Include="..\private\Bounding_AABB.cpp">
      <Filter>01.Utility\05. Components\Collider\Boudning\AABB</Filter>
    </ClCompile>
    <ClCompile Include="..\private\Bounding_Sphere.cpp">
      <Filter>01.Utility\05. Components\Collider\Boudning\Sphere</Filter>
    </ClCompile>
    <ClCompile Include="..\private\VIBuffer_Cube.cpp">
      <Filter>01.Utility\05. Components\VIBuffer\Cube</Filter>
    </ClCompile>
    <ClCompile Include="..\private\Cube.cpp">
      <Filter>01.Utility\05. Components\Navigation\Cube</Filter>
    </ClCompile>
    <ClCompile Include="..\private\VIBuffer_Rect_Texcood2.cpp">
      <Filter>01.Utility\05. Components\VIBuffer\Rect\VIBuffer_Rect_Texcood2</Filter>
    </ClCompile>
    <ClCompile Include="..\private\EventMgr.cpp">
      <Filter>01.Utility\11.EventMgr</Filter>
    </ClCompile>
  </ItemGroup>
  <ItemGroup>
    <None Include="ClassDiagram1.cd" />
    <None Include="..\Bin\ShaderFiles\Engine_Shader_Defines.hlsli">
      <Filter>98.ShaderFiles</Filter>
    </None>
  </ItemGroup>
  <ItemGroup>
    <FxCompile Include="..\Bin\ShaderFiles\Shader_Cell.hlsl">
      <Filter>98.ShaderFiles</Filter>
    </FxCompile>
    <FxCompile Include="..\Bin\ShaderFiles\Shader_EngineVtxCube.hlsl">
      <Filter>98.ShaderFiles</Filter>
    </FxCompile>
  </ItemGroup>
</Project>